{
  "name": "ttd5526",
  "version": "1.0.2",
  "lockfileVersion": 3,
  "requires": true,
  "packages": {
    "": {
      "name": "ttd5526",
      "version": "1.0.2",
      "license": "MIT",
      "dependencies": {
        "nt7502": "^1.0.2"
      }
    },
    "node_modules/nt7502": {
      "version": "1.0.2",
      "resolved": "https://registry.npmjs.org/nt7502/-/nt7502-1.0.2.tgz",
      "integrity": "sha512-QJ15E7+yBIaZF10YPhv/Ch7LmE9UWR4AH+gdWiIcEe0M3jKPvHuCVrDrz0QwMfpvxUNsQN4BHXx0sDGpWwhZiQ=="
    }
  }
}
